// !$*UTF8*$!
{
	archiveVersion = 1;
	classes = {
	};
	objectVersion = 55;
	objects = {

/* Begin PBXBuildFile section */
		E005175527C4550B003B32B8 /* SupermanProfileViewController.swift in Sources */ = {isa = PBXBuildFile; fileRef = E005175427C4550B003B32B8 /* SupermanProfileViewController.swift */; };
		E005175727C45531003B32B8 /* Superman.storyboard in Resources */ = {isa = PBXBuildFile; fileRef = E005175627C45531003B32B8 /* Superman.storyboard */; };
		E005175927C455D5003B32B8 /* SupergirlProfileViewController.swift in Sources */ = {isa = PBXBuildFile; fileRef = E005175827C455D5003B32B8 /* SupergirlProfileViewController.swift */; };
		E005175B27C45604003B32B8 /* Supergirl.storyboard in Resources */ = {isa = PBXBuildFile; fileRef = E005175A27C45604003B32B8 /* Supergirl.storyboard */; };
		E0A702DB27BCE71800649525 /* AppDelegate.swift in Sources */ = {isa = PBXBuildFile; fileRef = E0A702DA27BCE71800649525 /* AppDelegate.swift */; };
		E0A702DD27BCE71800649525 /* SceneDelegate.swift in Sources */ = {isa = PBXBuildFile; fileRef = E0A702DC27BCE71800649525 /* SceneDelegate.swift */; };
		E0A702DF27BCE71800649525 /* StartViewController.swift in Sources */ = {isa = PBXBuildFile; fileRef = E0A702DE27BCE71800649525 /* StartViewController.swift */; };
		E0A702E227BCE71800649525 /* Main.storyboard in Resources */ = {isa = PBXBuildFile; fileRef = E0A702E027BCE71800649525 /* Main.storyboard */; };
		E0A702E427BCE71A00649525 /* Assets.xcassets in Resources */ = {isa = PBXBuildFile; fileRef = E0A702E327BCE71A00649525 /* Assets.xcassets */; };
		E0A702E727BCE71A00649525 /* LaunchScreen.storyboard in Resources */ = {isa = PBXBuildFile; fileRef = E0A702E527BCE71A00649525 /* LaunchScreen.storyboard */; };
		E0A702FF27BCFF3700649525 /* Coordinator.swift in Sources */ = {isa = PBXBuildFile; fileRef = E0A702FE27BCFF3700649525 /* Coordinator.swift */; };
		E0A7030127BD00BA00649525 /* MainCoordinator.swift in Sources */ = {isa = PBXBuildFile; fileRef = E0A7030027BD00BA00649525 /* MainCoordinator.swift */; };
		E0A7030327BD200B00649525 /* Start.storyboard in Resources */ = {isa = PBXBuildFile; fileRef = E0A7030227BD200B00649525 /* Start.storyboard */; };
		E0E58E4C27C55559003416CA /* ProfileCoreData.xcdatamodeld in Sources */ = {isa = PBXBuildFile; fileRef = E0E58E4A27C55558003416CA /* ProfileCoreData.xcdatamodeld */; };
		E0E58E5C27C561CB003416CA /* Profile+CoreDataClass.swift in Sources */ = {isa = PBXBuildFile; fileRef = E0E58E5A27C561CB003416CA /* Profile+CoreDataClass.swift */; };
		E0E58E5D27C561CB003416CA /* Profile+CoreDataProperties.swift in Sources */ = {isa = PBXBuildFile; fileRef = E0E58E5B27C561CB003416CA /* Profile+CoreDataProperties.swift */; };
		E0E58E5F27C5629A003416CA /* ProfileManager.swift in Sources */ = {isa = PBXBuildFile; fileRef = E0E58E5E27C5629A003416CA /* ProfileManager.swift */; };
/* End PBXBuildFile section */

/* Begin PBXFileReference section */
		E005175427C4550B003B32B8 /* SupermanProfileViewController.swift */ = {isa = PBXFileReference; lastKnownFileType = sourcecode.swift; path = SupermanProfileViewController.swift; sourceTree = "<group>"; };
		E005175627C45531003B32B8 /* Superman.storyboard */ = {isa = PBXFileReference; lastKnownFileType = file.storyboard; path = Superman.storyboard; sourceTree = "<group>"; };
		E005175827C455D5003B32B8 /* SupergirlProfileViewController.swift */ = {isa = PBXFileReference; lastKnownFileType = sourcecode.swift; path = SupergirlProfileViewController.swift; sourceTree = "<group>"; };
		E005175A27C45604003B32B8 /* Supergirl.storyboard */ = {isa = PBXFileReference; lastKnownFileType = file.storyboard; path = Supergirl.storyboard; sourceTree = "<group>"; };
		E0A702D727BCE71800649525 /* Superhero.app */ = {isa = PBXFileReference; explicitFileType = wrapper.application; includeInIndex = 0; path = Superhero.app; sourceTree = BUILT_PRODUCTS_DIR; };
		E0A702DA27BCE71800649525 /* AppDelegate.swift */ = {isa = PBXFileReference; lastKnownFileType = sourcecode.swift; path = AppDelegate.swift; sourceTree = "<group>"; };
		E0A702DC27BCE71800649525 /* SceneDelegate.swift */ = {isa = PBXFileReference; lastKnownFileType = sourcecode.swift; path = SceneDelegate.swift; sourceTree = "<group>"; };
		E0A702DE27BCE71800649525 /* StartViewController.swift */ = {isa = PBXFileReference; lastKnownFileType = sourcecode.swift; path = StartViewController.swift; sourceTree = "<group>"; };
		E0A702E127BCE71800649525 /* Base */ = {isa = PBXFileReference; lastKnownFileType = file.storyboard; name = Base; path = Base.lproj/Main.storyboard; sourceTree = "<group>"; };
		E0A702E327BCE71A00649525 /* Assets.xcassets */ = {isa = PBXFileReference; lastKnownFileType = folder.assetcatalog; path = Assets.xcassets; sourceTree = "<group>"; };
		E0A702E627BCE71A00649525 /* Base */ = {isa = PBXFileReference; lastKnownFileType = file.storyboard; name = Base; path = Base.lproj/LaunchScreen.storyboard; sourceTree = "<group>"; };
		E0A702E827BCE71A00649525 /* Info.plist */ = {isa = PBXFileReference; lastKnownFileType = text.plist.xml; path = Info.plist; sourceTree = "<group>"; };
		E0A702FE27BCFF3700649525 /* Coordinator.swift */ = {isa = PBXFileReference; lastKnownFileType = sourcecode.swift; path = Coordinator.swift; sourceTree = "<group>"; };
		E0A7030027BD00BA00649525 /* MainCoordinator.swift */ = {isa = PBXFileReference; lastKnownFileType = sourcecode.swift; path = MainCoordinator.swift; sourceTree = "<group>"; };
		E0A7030227BD200B00649525 /* Start.storyboard */ = {isa = PBXFileReference; lastKnownFileType = file.storyboard; path = Start.storyboard; sourceTree = "<group>"; };
		E0E58E4B27C55558003416CA /* ProfileCoreData.xcdatamodel */ = {isa = PBXFileReference; lastKnownFileType = wrapper.xcdatamodel; path = ProfileCoreData.xcdatamodel; sourceTree = "<group>"; };
		E0E58E5A27C561CB003416CA /* Profile+CoreDataClass.swift */ = {isa = PBXFileReference; lastKnownFileType = sourcecode.swift; path = "Profile+CoreDataClass.swift"; sourceTree = "<group>"; };
		E0E58E5B27C561CB003416CA /* Profile+CoreDataProperties.swift */ = {isa = PBXFileReference; lastKnownFileType = sourcecode.swift; path = "Profile+CoreDataProperties.swift"; sourceTree = "<group>"; };
		E0E58E5E27C5629A003416CA /* ProfileManager.swift */ = {isa = PBXFileReference; lastKnownFileType = sourcecode.swift; path = ProfileManager.swift; sourceTree = "<group>"; };
/* End PBXFileReference section */

/* Begin PBXFrameworksBuildPhase section */
		E0A702D427BCE71800649525 /* Frameworks */ = {
			isa = PBXFrameworksBuildPhase;
			buildActionMask = 2147483647;
			files = (
			);
			runOnlyForDeploymentPostprocessing = 0;
		};
/* End PBXFrameworksBuildPhase section */

/* Begin PBXGroup section */
		E0A702CE27BCE71700649525 = {
			isa = PBXGroup;
			children = (
				E0A702D927BCE71800649525 /* Superhero */,
				E0A702D827BCE71800649525 /* Products */,
			);
			sourceTree = "<group>";
		};
		E0A702D827BCE71800649525 /* Products */ = {
			isa = PBXGroup;
			children = (
				E0A702D727BCE71800649525 /* Superhero.app */,
			);
			name = Products;
			sourceTree = "<group>";
		};
		E0A702D927BCE71800649525 /* Superhero */ = {
			isa = PBXGroup;
			children = (
				E0A702FC27BCFEFD00649525 /* Protocols */,
				E0A702F527BCFE5600649525 /* Presentation */,
				E0A702EE27BCFD9B00649525 /* Models */,
				E0A702DA27BCE71800649525 /* AppDelegate.swift */,
				E0A702DC27BCE71800649525 /* SceneDelegate.swift */,
				E0A702E327BCE71A00649525 /* Assets.xcassets */,
				E0A702E827BCE71A00649525 /* Info.plist */,
			);
			path = Superhero;
			sourceTree = "<group>";
		};
		E0A702EE27BCFD9B00649525 /* Models */ = {
			isa = PBXGroup;
			children = (
				E0E58E5427C55998003416CA /* Profile  */,
				E0E58E4927C55256003416CA /* ProfileCoreData */,
			);
			path = Models;
			sourceTree = "<group>";
		};
		E0A702F527BCFE5600649525 /* Presentation */ = {
			isa = PBXGroup;
			children = (
				E0A702FB27BCFECA00649525 /* Coordinator */,
				E0A702FA27BCFEBF00649525 /* Views */,
				E0A702F827BCFE8E00649525 /* ViewModels */,
				E0A702F727BCFE7E00649525 /* ViewControllers */,
				E0A702F627BCFE7200649525 /* Storyboard */,
			);
			path = Presentation;
			sourceTree = "<group>";
		};
		E0A702F627BCFE7200649525 /* Storyboard */ = {
			isa = PBXGroup;
			children = (
				E0A702E027BCE71800649525 /* Main.storyboard */,
				E0A702E527BCE71A00649525 /* LaunchScreen.storyboard */,
				E0E566CB27C2722500C0355D /* Start */,
				E005175627C45531003B32B8 /* Superman.storyboard */,
				E005175A27C45604003B32B8 /* Supergirl.storyboard */,
			);
			path = Storyboard;
			sourceTree = "<group>";
		};
		E0A702F727BCFE7E00649525 /* ViewControllers */ = {
			isa = PBXGroup;
			children = (
				E0A702DE27BCE71800649525 /* StartViewController.swift */,
				E005175427C4550B003B32B8 /* SupermanProfileViewController.swift */,
				E005175827C455D5003B32B8 /* SupergirlProfileViewController.swift */,
			);
			path = ViewControllers;
			sourceTree = "<group>";
		};
		E0A702F827BCFE8E00649525 /* ViewModels */ = {
			isa = PBXGroup;
			children = (
			);
			path = ViewModels;
			sourceTree = "<group>";
		};
		E0A702FA27BCFEBF00649525 /* Views */ = {
			isa = PBXGroup;
			children = (
			);
			path = Views;
			sourceTree = "<group>";
		};
		E0A702FB27BCFECA00649525 /* Coordinator */ = {
			isa = PBXGroup;
			children = (
				E0A7030027BD00BA00649525 /* MainCoordinator.swift */,
			);
			path = Coordinator;
			sourceTree = "<group>";
		};
		E0A702FC27BCFEFD00649525 /* Protocols */ = {
			isa = PBXGroup;
			children = (
				E0A702FD27BCFF0600649525 /* Coordinator */,
			);
			path = Protocols;
			sourceTree = "<group>";
		};
		E0A702FD27BCFF0600649525 /* Coordinator */ = {
			isa = PBXGroup;
			children = (
				E0A702FE27BCFF3700649525 /* Coordinator.swift */,
			);
			path = Coordinator;
			sourceTree = "<group>";
		};
		E0E566CB27C2722500C0355D /* Start */ = {
			isa = PBXGroup;
			children = (
				E0A7030227BD200B00649525 /* Start.storyboard */,
			);
			path = Start;
			sourceTree = "<group>";
		};
		E0E58E4927C55256003416CA /* ProfileCoreData */ = {
			isa = PBXGroup;
			children = (
				E0E58E5A27C561CB003416CA /* Profile+CoreDataClass.swift */,
				E0E58E5B27C561CB003416CA /* Profile+CoreDataProperties.swift */,
				E0E58E4A27C55558003416CA /* ProfileCoreData.xcdatamodeld */,
			);
			path = ProfileCoreData;
			sourceTree = "<group>";
		};
		E0E58E5427C55998003416CA /* Profile  */ = {
			isa = PBXGroup;
			children = (
				E0E58E5E27C5629A003416CA /* ProfileManager.swift */,
			);
			path = "Profile ";
			sourceTree = "<group>";
		};
/* End PBXGroup section */

/* Begin PBXNativeTarget section */
		E0A702D627BCE71800649525 /* Superhero */ = {
			isa = PBXNativeTarget;
			buildConfigurationList = E0A702EB27BCE71A00649525 /* Build configuration list for PBXNativeTarget "Superhero" */;
			buildPhases = (
				E0A702D327BCE71800649525 /* Sources */,
				E0A702D427BCE71800649525 /* Frameworks */,
				E0A702D527BCE71800649525 /* Resources */,
			);
			buildRules = (
			);
			dependencies = (
			);
			name = Superhero;
			productName = Superhero;
			productReference = E0A702D727BCE71800649525 /* Superhero.app */;
			productType = "com.apple.product-type.application";
		};
/* End PBXNativeTarget section */

/* Begin PBXProject section */
		E0A702CF27BCE71700649525 /* Project object */ = {
			isa = PBXProject;
			attributes = {
				BuildIndependentTargetsInParallel = 1;
				LastSwiftUpdateCheck = 1310;
				LastUpgradeCheck = 1310;
				TargetAttributes = {
					E0A702D627BCE71800649525 = {
						CreatedOnToolsVersion = 13.1;
					};
				};
			};
			buildConfigurationList = E0A702D227BCE71700649525 /* Build configuration list for PBXProject "Superhero" */;
			compatibilityVersion = "Xcode 13.0";
			developmentRegion = en;
			hasScannedForEncodings = 0;
			knownRegions = (
				en,
				Base,
			);
			mainGroup = E0A702CE27BCE71700649525;
			productRefGroup = E0A702D827BCE71800649525 /* Products */;
			projectDirPath = "";
			projectRoot = "";
			targets = (
				E0A702D627BCE71800649525 /* Superhero */,
			);
		};
/* End PBXProject section */

/* Begin PBXResourcesBuildPhase section */
		E0A702D527BCE71800649525 /* Resources */ = {
			isa = PBXResourcesBuildPhase;
			buildActionMask = 2147483647;
			files = (
				E005175727C45531003B32B8 /* Superman.storyboard in Resources */,
				E0A702E727BCE71A00649525 /* LaunchScreen.storyboard in Resources */,
				E005175B27C45604003B32B8 /* Supergirl.storyboard in Resources */,
				E0A7030327BD200B00649525 /* Start.storyboard in Resources */,
				E0A702E427BCE71A00649525 /* Assets.xcassets in Resources */,
				E0A702E227BCE71800649525 /* Main.storyboard in Resources */,
			);
			runOnlyForDeploymentPostprocessing = 0;
		};
/* End PBXResourcesBuildPhase section */

/* Begin PBXSourcesBuildPhase section */
		E0A702D327BCE71800649525 /* Sources */ = {
			isa = PBXSourcesBuildPhase;
			buildActionMask = 2147483647;
			files = (
				E0E58E4C27C55559003416CA /* ProfileCoreData.xcdatamodeld in Sources */,
				E0A702DF27BCE71800649525 /* StartViewController.swift in Sources */,
				E0E58E5D27C561CB003416CA /* Profile+CoreDataProperties.swift in Sources */,
				E0E58E5F27C5629A003416CA /* ProfileManager.swift in Sources */,
				E0A7030127BD00BA00649525 /* MainCoordinator.swift in Sources */,
				E005175927C455D5003B32B8 /* SupergirlProfileViewController.swift in Sources */,
				E0A702DB27BCE71800649525 /* AppDelegate.swift in Sources */,
				E005175527C4550B003B32B8 /* SupermanProfileViewController.swift in Sources */,
				E0A702DD27BCE71800649525 /* SceneDelegate.swift in Sources */,
				E0E58E5C27C561CB003416CA /* Profile+CoreDataClass.swift in Sources */,
				E0A702FF27BCFF3700649525 /* Coordinator.swift in Sources */,
			);
			runOnlyForDeploymentPostprocessing = 0;
		};
/* End PBXSourcesBuildPhase section */

/* Begin PBXVariantGroup section */
		E0A702E027BCE71800649525 /* Main.storyboard */ = {
			isa = PBXVariantGroup;
			children = (
				E0A702E127BCE71800649525 /* Base */,
			);
			name = Main.storyboard;
			sourceTree = "<group>";
		};
		E0A702E527BCE71A00649525 /* LaunchScreen.storyboard */ = {
			isa = PBXVariantGroup;
			children = (
				E0A702E627BCE71A00649525 /* Base */,
			);
			name = LaunchScreen.storyboard;
			sourceTree = "<group>";
		};
/* End PBXVariantGroup section */

/* Begin XCBuildConfiguration section */
		E0A702E927BCE71A00649525 /* Debug */ = {
			isa = XCBuildConfiguration;
			buildSettings = {
				ALWAYS_SEARCH_USER_PATHS = NO;
				CLANG_ANALYZER_NONNULL = YES;
				CLANG_ANALYZER_NUMBER_OBJECT_CONVERSION = YES_AGGRESSIVE;
				CLANG_CXX_LANGUAGE_STANDARD = "gnu++17";
				CLANG_CXX_LIBRARY = "libc++";
				CLANG_ENABLE_MODULES = YES;
				CLANG_ENABLE_OBJC_ARC = YES;
				CLANG_ENABLE_OBJC_WEAK = YES;
				CLANG_WARN_BLOCK_CAPTURE_AUTORELEASING = YES;
				CLANG_WARN_BOOL_CONVERSION = YES;
				CLANG_WARN_COMMA = YES;
				CLANG_WARN_CONSTANT_CONVERSION = YES;
				CLANG_WARN_DEPRECATED_OBJC_IMPLEMENTATIONS = YES;
				CLANG_WARN_DIRECT_OBJC_ISA_USAGE = YES_ERROR;
				CLANG_WARN_DOCUMENTATION_COMMENTS = YES;
				CLANG_WARN_EMPTY_BODY = YES;
				CLANG_WARN_ENUM_CONVERSION = YES;
				CLANG_WARN_INFINITE_RECURSION = YES;
				CLANG_WARN_INT_CONVERSION = YES;
				CLANG_WARN_NON_LITERAL_NULL_CONVERSION = YES;
				CLANG_WARN_OBJC_IMPLICIT_RETAIN_SELF = YES;
				CLANG_WARN_OBJC_LITERAL_CONVERSION = YES;
				CLANG_WARN_OBJC_ROOT_CLASS = YES_ERROR;
				CLANG_WARN_QUOTED_INCLUDE_IN_FRAMEWORK_HEADER = YES;
				CLANG_WARN_RANGE_LOOP_ANALYSIS = YES;
				CLANG_WARN_STRICT_PROTOTYPES = YES;
				CLANG_WARN_SUSPICIOUS_MOVE = YES;
				CLANG_WARN_UNGUARDED_AVAILABILITY = YES_AGGRESSIVE;
				CLANG_WARN_UNREACHABLE_CODE = YES;
				CLANG_WARN__DUPLICATE_METHOD_MATCH = YES;
				COPY_PHASE_STRIP = NO;
				DEBUG_INFORMATION_FORMAT = dwarf;
				ENABLE_STRICT_OBJC_MSGSEND = YES;
				ENABLE_TESTABILITY = YES;
				GCC_C_LANGUAGE_STANDARD = gnu11;
				GCC_DYNAMIC_NO_PIC = NO;
				GCC_NO_COMMON_BLOCKS = YES;
				GCC_OPTIMIZATION_LEVEL = 0;
				GCC_PREPROCESSOR_DEFINITIONS = (
					"DEBUG=1",
					"$(inherited)",
				);
				GCC_WARN_64_TO_32_BIT_CONVERSION = YES;
				GCC_WARN_ABOUT_RETURN_TYPE = YES_ERROR;
				GCC_WARN_UNDECLARED_SELECTOR = YES;
				GCC_WARN_UNINITIALIZED_AUTOS = YES_AGGRESSIVE;
				GCC_WARN_UNUSED_FUNCTION = YES;
				GCC_WARN_UNUSED_VARIABLE = YES;
				IPHONEOS_DEPLOYMENT_TARGET = 15.0;
				MTL_ENABLE_DEBUG_INFO = INCLUDE_SOURCE;
				MTL_FAST_MATH = YES;
				ONLY_ACTIVE_ARCH = YES;
				SDKROOT = iphoneos;
				SWIFT_ACTIVE_COMPILATION_CONDITIONS = DEBUG;
				SWIFT_OPTIMIZATION_LEVEL = "-Onone";
			};
			name = Debug;
		};
		E0A702EA27BCE71A00649525 /* Release */ = {
			isa = XCBuildConfiguration;
			buildSettings = {
				ALWAYS_SEARCH_USER_PATHS = NO;
				CLANG_ANALYZER_NONNULL = YES;
				CLANG_ANALYZER_NUMBER_OBJECT_CONVERSION = YES_AGGRESSIVE;
				CLANG_CXX_LANGUAGE_STANDARD = "gnu++17";
				CLANG_CXX_LIBRARY = "libc++";
				CLANG_ENABLE_MODULES = YES;
				CLANG_ENABLE_OBJC_ARC = YES;
				CLANG_ENABLE_OBJC_WEAK = YES;
				CLANG_WARN_BLOCK_CAPTURE_AUTORELEASING = YES;
				CLANG_WARN_BOOL_CONVERSION = YES;
				CLANG_WARN_COMMA = YES;
				CLANG_WARN_CONSTANT_CONVERSION = YES;
				CLANG_WARN_DEPRECATED_OBJC_IMPLEMENTATIONS = YES;
				CLANG_WARN_DIRECT_OBJC_ISA_USAGE = YES_ERROR;
				CLANG_WARN_DOCUMENTATION_COMMENTS = YES;
				CLANG_WARN_EMPTY_BODY = YES;
				CLANG_WARN_ENUM_CONVERSION = YES;
				CLANG_WARN_INFINITE_RECURSION = YES;
				CLANG_WARN_INT_CONVERSION = YES;
				CLANG_WARN_NON_LITERAL_NULL_CONVERSION = YES;
				CLANG_WARN_OBJC_IMPLICIT_RETAIN_SELF = YES;
				CLANG_WARN_OBJC_LITERAL_CONVERSION = YES;
				CLANG_WARN_OBJC_ROOT_CLASS = YES_ERROR;
				CLANG_WARN_QUOTED_INCLUDE_IN_FRAMEWORK_HEADER = YES;
				CLANG_WARN_RANGE_LOOP_ANALYSIS = YES;
				CLANG_WARN_STRICT_PROTOTYPES = YES;
				CLANG_WARN_SUSPICIOUS_MOVE = YES;
				CLANG_WARN_UNGUARDED_AVAILABILITY = YES_AGGRESSIVE;
				CLANG_WARN_UNREACHABLE_CODE = YES;
				CLANG_WARN__DUPLICATE_METHOD_MATCH = YES;
				COPY_PHASE_STRIP = NO;
				DEBUG_INFORMATION_FORMAT = "dwarf-with-dsym";
				ENABLE_NS_ASSERTIONS = NO;
				ENABLE_STRICT_OBJC_MSGSEND = YES;
				GCC_C_LANGUAGE_STANDARD = gnu11;
				GCC_NO_COMMON_BLOCKS = YES;
				GCC_WARN_64_TO_32_BIT_CONVERSION = YES;
				GCC_WARN_ABOUT_RETURN_TYPE = YES_ERROR;
				GCC_WARN_UNDECLARED_SELECTOR = YES;
				GCC_WARN_UNINITIALIZED_AUTOS = YES_AGGRESSIVE;
				GCC_WARN_UNUSED_FUNCTION = YES;
				GCC_WARN_UNUSED_VARIABLE = YES;
				IPHONEOS_DEPLOYMENT_TARGET = 15.0;
				MTL_ENABLE_DEBUG_INFO = NO;
				MTL_FAST_MATH = YES;
				SDKROOT = iphoneos;
				SWIFT_COMPILATION_MODE = wholemodule;
				SWIFT_OPTIMIZATION_LEVEL = "-O";
				VALIDATE_PRODUCT = YES;
			};
			name = Release;
		};
		E0A702EC27BCE71A00649525 /* Debug */ = {
			isa = XCBuildConfiguration;
			buildSettings = {
				ASSETCATALOG_COMPILER_APPICON_NAME = AppIcon;
				ASSETCATALOG_COMPILER_GLOBAL_ACCENT_COLOR_NAME = AccentColor;
				CODE_SIGN_STYLE = Automatic;
				CURRENT_PROJECT_VERSION = 1;
				DEVELOPMENT_TEAM = QZ8GL87UF9;
				GENERATE_INFOPLIST_FILE = YES;
				INFOPLIST_FILE = Superhero/Info.plist;
				INFOPLIST_KEY_CFBundleDisplayName = Podvirnyi;
				INFOPLIST_KEY_UIApplicationSupportsIndirectInputEvents = YES;
				INFOPLIST_KEY_UILaunchStoryboardName = LaunchScreen;
				INFOPLIST_KEY_UIMainStoryboardFile = Main;
				INFOPLIST_KEY_UISupportedInterfaceOrientations = UIInterfaceOrientationPortrait;
				INFOPLIST_KEY_UISupportedInterfaceOrientations_iPad = "UIInterfaceOrientationPortrait UIInterfaceOrientationPortraitUpsideDown UIInterfaceOrientationLandscapeLeft UIInterfaceOrientationLandscapeRight";
				INFOPLIST_KEY_UISupportedInterfaceOrientations_iPhone = "UIInterfaceOrientationPortrait UIInterfaceOrientationLandscapeLeft UIInterfaceOrientationLandscapeRight";
				LD_RUNPATH_SEARCH_PATHS = (
					"$(inherited)",
					"@executable_path/Frameworks",
				);
				MARKETING_VERSION = 1.0;
				PRODUCT_BUNDLE_IDENTIFIER = podvirnyi.Superhero.ios;
				PRODUCT_NAME = "$(TARGET_NAME)";
				SWIFT_EMIT_LOC_STRINGS = YES;
				SWIFT_VERSION = 5.0;
				TARGETED_DEVICE_FAMILY = 1;
			};
			name = Debug;
		};
		E0A702ED27BCE71A00649525 /* Release */ = {
			isa = XCBuildConfiguration;
			buildSettings = {
				ASSETCATALOG_COMPILER_APPICON_NAME = AppIcon;
				ASSETCATALOG_COMPILER_GLOBAL_ACCENT_COLOR_NAME = AccentColor;
				CODE_SIGN_STYLE = Automatic;
				CURRENT_PROJECT_VERSION = 1;
				DEVELOPMENT_TEAM = QZ8GL87UF9;
				GENERATE_INFOPLIST_FILE = YES;
				INFOPLIST_FILE = Superhero/Info.plist;
				INFOPLIST_KEY_CFBundleDisplayName = Podvirnyi;
				INFOPLIST_KEY_UIApplicationSupportsIndirectInputEvents = YES;
				INFOPLIST_KEY_UILaunchStoryboardName = LaunchScreen;
				INFOPLIST_KEY_UIMainStoryboardFile = Main;
				INFOPLIST_KEY_UISupportedInterfaceOrientations = UIInterfaceOrientationPortrait;
				INFOPLIST_KEY_UISupportedInterfaceOrientations_iPad = "UIInterfaceOrientationPortrait UIInterfaceOrientationPortraitUpsideDown UIInterfaceOrientationLandscapeLeft UIInterfaceOrientationLandscapeRight";
				INFOPLIST_KEY_UISupportedInterfaceOrientations_iPhone = "UIInterfaceOrientationPortrait UIInterfaceOrientationLandscapeLeft UIInterfaceOrientationLandscapeRight";
				LD_RUNPATH_SEARCH_PATHS = (
					"$(inherited)",
					"@executable_path/Frameworks",
				);
				MARKETING_VERSION = 1.0;
				PRODUCT_BUNDLE_IDENTIFIER = podvirnyi.Superhero.ios;
				PRODUCT_NAME = "$(TARGET_NAME)";
				SWIFT_EMIT_LOC_STRINGS = YES;
				SWIFT_VERSION = 5.0;
				TARGETED_DEVICE_FAMILY = 1;
			};
			name = Release;
		};
/* End XCBuildConfiguration section */

/* Begin XCConfigurationList section */
		E0A702D227BCE71700649525 /* Build configuration list for PBXProject "Superhero" */ = {
			isa = XCConfigurationList;
			buildConfigurations = (
				E0A702E927BCE71A00649525 /* Debug */,
				E0A702EA27BCE71A00649525 /* Release */,
			);
			defaultConfigurationIsVisible = 0;
			defaultConfigurationName = Release;
		};
		E0A702EB27BCE71A00649525 /* Build configuration list for PBXNativeTarget "Superhero" */ = {
			isa = XCConfigurationList;
			buildConfigurations = (
				E0A702EC27BCE71A00649525 /* Debug */,
				E0A702ED27BCE71A00649525 /* Release */,
			);
			defaultConfigurationIsVisible = 0;
			defaultConfigurationName = Release;
		};
/* End XCConfigurationList section */

/* Begin XCVersionGroup section */
		E0E58E4A27C55558003416CA /* ProfileCoreData.xcdatamodeld */ = {
			isa = XCVersionGroup;
			children = (
				E0E58E4B27C55558003416CA /* ProfileCoreData.xcdatamodel */,
			);
			currentVersion = E0E58E4B27C55558003416CA /* ProfileCoreData.xcdatamodel */;
			path = ProfileCoreData.xcdatamodeld;
			sourceTree = "<group>";
			versionGroupType = wrapper.xcdatamodel;
		};
/* End XCVersionGroup section */
	};
	rootObject = E0A702CF27BCE71700649525 /* Project object */;
}
